
Microsoft Visual Studio Solution File, Format Version 12.00
# Visual Studio 15
VisualStudioVersion = 15.0.28307.705
MinimumVisualStudioVersion = 10.0.40219.1
Project("{FAE04EC0-301F-11D3-BF4B-00C04F79EFBC}") = "LTU MATE ROV 2019-2020 Control Software", "LTU MATE ROV 2019-2020 Control Software\LTU MATE ROV 2019-2020 Control Software.csproj", "{50286FDF-BD5F-494C-A7F0-829FAF73CAF8}"
EndProject
Project("{FAE04EC0-301F-11D3-BF4B-00C04F79EFBC}") = "CustomLogger", "CustomLogger\CustomLogger.csproj", "{07D968C5-B24F-4F5C-B62D-2FD9CF6459A0}"
EndProject
Project("{FAE04EC0-301F-11D3-BF4B-00C04F79EFBC}") = "JSON", "JSON\JSON.csproj", "{8242B155-3863-4727-B1C5-A6B6082E8D4B}"
EndProject
Project("{FAE04EC0-301F-11D3-BF4B-00C04F79EFBC}") = "ExcelInterface", "ExcelInterface\ExcelInterface.csproj", "{F3DD8FF1-740F-4B1B-ACDF-2D342CA04EFD}"
EndProject
Project("{FAE04EC0-301F-11D3-BF4B-00C04F79EFBC}") = "ProgressBar", "ProgressBar\ProgressBar.csproj", "{73DD80FD-A1A6-4985-9019-751A3AF6F68C}"
EndProject
Global
	GlobalSection(SolutionConfigurationPlatforms) = preSolution
		Debug|Any CPU = Debug|Any CPU
		Release|Any CPU = Release|Any CPU
	EndGlobalSection
	GlobalSection(ProjectConfigurationPlatforms) = postSolution
		{50286FDF-BD5F-494C-A7F0-829FAF73CAF8}.Debug|Any CPU.ActiveCfg = Debug|Any CPU
		{50286FDF-BD5F-494C-A7F0-829FAF73CAF8}.Debug|Any CPU.Build.0 = Debug|Any CPU
		{50286FDF-BD5F-494C-A7F0-829FAF73CAF8}.Release|Any CPU.ActiveCfg = Release|Any CPU
		{50286FDF-BD5F-494C-A7F0-829FAF73CAF8}.Release|Any CPU.Build.0 = Release|Any CPU
		{07D968C5-B24F-4F5C-B62D-2FD9CF6459A0}.Debug|Any CPU.ActiveCfg = Debug|Any CPU
		{07D968C5-B24F-4F5C-B62D-2FD9CF6459A0}.Debug|Any CPU.Build.0 = Debug|Any CPU
		{07D968C5-B24F-4F5C-B62D-2FD9CF6459A0}.Release|Any CPU.ActiveCfg = Release|Any CPU
		{07D968C5-B24F-4F5C-B62D-2FD9CF6459A0}.Release|Any CPU.Build.0 = Release|Any CPU
		{8242B155-3863-4727-B1C5-A6B6082E8D4B}.Debug|Any CPU.ActiveCfg = Debug|Any CPU
		{8242B155-3863-4727-B1C5-A6B6082E8D4B}.Debug|Any CPU.Build.0 = Debug|Any CPU
		{8242B155-3863-4727-B1C5-A6B6082E8D4B}.Release|Any CPU.ActiveCfg = Release|Any CPU
		{8242B155-3863-4727-B1C5-A6B6082E8D4B}.Release|Any CPU.Build.0 = Release|Any CPU
		{F3DD8FF1-740F-4B1B-ACDF-2D342CA04EFD}.Debug|Any CPU.ActiveCfg = Debug|Any CPU
		{F3DD8FF1-740F-4B1B-ACDF-2D342CA04EFD}.Debug|Any CPU.Build.0 = Debug|Any CPU
		{F3DD8FF1-740F-4B1B-ACDF-2D342CA04EFD}.Release|Any CPU.ActiveCfg = Release|Any CPU
		{F3DD8FF1-740F-4B1B-ACDF-2D342CA04EFD}.Release|Any CPU.Build.0 = Release|Any CPU
		{73DD80FD-A1A6-4985-9019-751A3AF6F68C}.Debug|Any CPU.ActiveCfg = Debug|Any CPU
		{73DD80FD-A1A6-4985-9019-751A3AF6F68C}.Debug|Any CPU.Build.0 = Debug|Any CPU
		{73DD80FD-A1A6-4985-9019-751A3AF6F68C}.Release|Any CPU.ActiveCfg = Release|Any CPU
		{73DD80FD-A1A6-4985-9019-751A3AF6F68C}.Release|Any CPU.Build.0 = Release|Any CPU
	EndGlobalSection
	GlobalSection(SolutionProperties) = preSolution
		HideSolutionNode = FALSE
	EndGlobalSection
	GlobalSection(ExtensibilityGlobals) = postSolution
		SolutionGuid = {5791CC19-1315-4FA2-9BCE-9FB431F87B00}
	EndGlobalSection
EndGlobal
